
Microsoft Visual Studio Solution File, Format Version 12.00
# Visual Studio Version 17
VisualStudioVersion = 17.12.35527.113
MinimumVisualStudioVersion = 10.0.40219.1
Project("{FAE04EC0-301F-11D3-BF4B-00C04F79EFBC}") = "ThreatIntelligencePlatform.API", "ThreatIntelligencePlatform.API\ThreatIntelligencePlatform.API.csproj", "{CDB05167-E93C-4B68-8BF4-9A04322F23D4}"
	ProjectSection(ProjectDependencies) = postProject
		{D005AF6A-9212-436D-A349-E424CE4D2EC1} = {D005AF6A-9212-436D-A349-E424CE4D2EC1}
		{F0AF7B48-4FF3-4C61-BB14-136278F2070A} = {F0AF7B48-4FF3-4C61-BB14-136278F2070A}
	EndProjectSection
EndProject
Project("{2150E333-8FDC-42A3-9474-1A3956D46DE8}") = "Solution Items", "Solution Items", "{F861DC7F-AEED-49F3-A810-E65B0ABFC783}"
	ProjectSection(SolutionItems) = preProject
		compose.yaml = compose.yaml
	EndProjectSection
EndProject
Project("{FAE04EC0-301F-11D3-BF4B-00C04F79EFBC}") = "ThreatIntelligencePlatform.DataAccess", "ThreatIntelligencePlatform.DataAccess\ThreatIntelligencePlatform.DataAccess.csproj", "{F0AF7B48-4FF3-4C61-BB14-136278F2070A}"
EndProject
Project("{FAE04EC0-301F-11D3-BF4B-00C04F79EFBC}") = "ThreatIntelligencePlatform.Business", "ThreatIntelligencePlatform.Business\ThreatIntelligencePlatform.Business.csproj", "{D005AF6A-9212-436D-A349-E424CE4D2EC1}"
EndProject
Project("{FAE04EC0-301F-11D3-BF4B-00C04F79EFBC}") = "ThreatIntelligencePlatform.Configuration", "ThreatIntelligencePlatform.Configuration\ThreatIntelligencePlatform.Configuration.csproj", "{CE41A96D-4B38-4AD5-B9D2-D66DEF9F4020}"
EndProject
Project("{FAE04EC0-301F-11D3-BF4B-00C04F79EFBC}") = "ThreatIntelligencePlatform.Worker.IoCCollector", "ThreatIntelligencePlatform.Worker.IoCCollector\ThreatIntelligencePlatform.Worker.IoCCollector.csproj", "{8A4CF11D-9521-40E5-990E-F186C060E4F3}"
EndProject
Project("{FAE04EC0-301F-11D3-BF4B-00C04F79EFBC}") = "ThreatIntelligencePlatform.MessageBroker", "ThreatIntelligencePlatform.MessageBroker\ThreatIntelligencePlatform.MessageBroker.csproj", "{B352A3ED-1D9D-42EE-9B42-63B5770294B6}"
EndProject
Project("{FAE04EC0-301F-11D3-BF4B-00C04F79EFBC}") = "ThreatIntelligencePlatform.Shared", "ThreatIntelligencePlatform.Shared\ThreatIntelligencePlatform.Shared.csproj", "{207451CA-66E8-4943-BB86-DFDFC26CC9DE}"
EndProject
Project("{FAE04EC0-301F-11D3-BF4B-00C04F79EFBC}") = "ThreatIntelligencePlatform.Worker.Normalizer", "ThreatIntelligencePlatform.Worker.Normalizer\ThreatIntelligencePlatform.Worker.Normalizer.csproj", "{2F5E15DE-ACD5-47F1-B3FA-CCC54A18B429}"
EndProject
Project("{FAE04EC0-301F-11D3-BF4B-00C04F79EFBC}") = "ThreatIntelligencePlatform.Worker.RelevanceChecker", "ThreatIntelligencePlatform.Worker.RelevanceChecker\ThreatIntelligencePlatform.Worker.RelevanceChecker.csproj", "{E261B14E-90F9-40E4-B7B4-F536F3413FD7}"
EndProject
Project("{FAE04EC0-301F-11D3-BF4B-00C04F79EFBC}") = "ThreatIntelligencePlatform.Worker.WhitelistCollector", "ThreatIntelligencePlatform.Worker.WhitelistCollector\ThreatIntelligencePlatform.Worker.WhitelistCollector.csproj", "{10E10527-965A-4523-BB53-59C01A3780C9}"
EndProject
Project("{FAE04EC0-301F-11D3-BF4B-00C04F79EFBC}") = "ThreatIntelligencePlatform.Grpc", "ThreatIntelligencePlatform.Grpc\ThreatIntelligencePlatform.Grpc.csproj", "{8305702E-3549-416B-875B-AE264ACF81B9}"
EndProject
Global
	GlobalSection(SolutionConfigurationPlatforms) = preSolution
		Debug|Any CPU = Debug|Any CPU
		Release|Any CPU = Release|Any CPU
	EndGlobalSection
	GlobalSection(ProjectConfigurationPlatforms) = postSolution
		{CDB05167-E93C-4B68-8BF4-9A04322F23D4}.Debug|Any CPU.ActiveCfg = Debug|Any CPU
		{CDB05167-E93C-4B68-8BF4-9A04322F23D4}.Debug|Any CPU.Build.0 = Debug|Any CPU
		{CDB05167-E93C-4B68-8BF4-9A04322F23D4}.Release|Any CPU.ActiveCfg = Release|Any CPU
		{CDB05167-E93C-4B68-8BF4-9A04322F23D4}.Release|Any CPU.Build.0 = Release|Any CPU
		{F0AF7B48-4FF3-4C61-BB14-136278F2070A}.Debug|Any CPU.ActiveCfg = Debug|Any CPU
		{F0AF7B48-4FF3-4C61-BB14-136278F2070A}.Debug|Any CPU.Build.0 = Debug|Any CPU
		{F0AF7B48-4FF3-4C61-BB14-136278F2070A}.Release|Any CPU.ActiveCfg = Release|Any CPU
		{F0AF7B48-4FF3-4C61-BB14-136278F2070A}.Release|Any CPU.Build.0 = Release|Any CPU
		{D005AF6A-9212-436D-A349-E424CE4D2EC1}.Debug|Any CPU.ActiveCfg = Debug|Any CPU
		{D005AF6A-9212-436D-A349-E424CE4D2EC1}.Debug|Any CPU.Build.0 = Debug|Any CPU
		{D005AF6A-9212-436D-A349-E424CE4D2EC1}.Release|Any CPU.ActiveCfg = Release|Any CPU
		{D005AF6A-9212-436D-A349-E424CE4D2EC1}.Release|Any CPU.Build.0 = Release|Any CPU
		{CE41A96D-4B38-4AD5-B9D2-D66DEF9F4020}.Debug|Any CPU.ActiveCfg = Debug|Any CPU
		{CE41A96D-4B38-4AD5-B9D2-D66DEF9F4020}.Debug|Any CPU.Build.0 = Debug|Any CPU
		{CE41A96D-4B38-4AD5-B9D2-D66DEF9F4020}.Release|Any CPU.ActiveCfg = Release|Any CPU
		{CE41A96D-4B38-4AD5-B9D2-D66DEF9F4020}.Release|Any CPU.Build.0 = Release|Any CPU
		{8A4CF11D-9521-40E5-990E-F186C060E4F3}.Debug|Any CPU.ActiveCfg = Debug|Any CPU
		{8A4CF11D-9521-40E5-990E-F186C060E4F3}.Debug|Any CPU.Build.0 = Debug|Any CPU
		{8A4CF11D-9521-40E5-990E-F186C060E4F3}.Release|Any CPU.ActiveCfg = Release|Any CPU
		{8A4CF11D-9521-40E5-990E-F186C060E4F3}.Release|Any CPU.Build.0 = Release|Any CPU
		{B352A3ED-1D9D-42EE-9B42-63B5770294B6}.Debug|Any CPU.ActiveCfg = Debug|Any CPU
		{B352A3ED-1D9D-42EE-9B42-63B5770294B6}.Debug|Any CPU.Build.0 = Debug|Any CPU
		{B352A3ED-1D9D-42EE-9B42-63B5770294B6}.Release|Any CPU.ActiveCfg = Release|Any CPU
		{B352A3ED-1D9D-42EE-9B42-63B5770294B6}.Release|Any CPU.Build.0 = Release|Any CPU
		{207451CA-66E8-4943-BB86-DFDFC26CC9DE}.Debug|Any CPU.ActiveCfg = Debug|Any CPU
		{207451CA-66E8-4943-BB86-DFDFC26CC9DE}.Debug|Any CPU.Build.0 = Debug|Any CPU
		{207451CA-66E8-4943-BB86-DFDFC26CC9DE}.Release|Any CPU.ActiveCfg = Release|Any CPU
		{207451CA-66E8-4943-BB86-DFDFC26CC9DE}.Release|Any CPU.Build.0 = Release|Any CPU
		{2F5E15DE-ACD5-47F1-B3FA-CCC54A18B429}.Debug|Any CPU.ActiveCfg = Debug|Any CPU
		{2F5E15DE-ACD5-47F1-B3FA-CCC54A18B429}.Debug|Any CPU.Build.0 = Debug|Any CPU
		{2F5E15DE-ACD5-47F1-B3FA-CCC54A18B429}.Release|Any CPU.ActiveCfg = Release|Any CPU
		{2F5E15DE-ACD5-47F1-B3FA-CCC54A18B429}.Release|Any CPU.Build.0 = Release|Any CPU
		{E261B14E-90F9-40E4-B7B4-F536F3413FD7}.Debug|Any CPU.ActiveCfg = Debug|Any CPU
		{E261B14E-90F9-40E4-B7B4-F536F3413FD7}.Debug|Any CPU.Build.0 = Debug|Any CPU
		{E261B14E-90F9-40E4-B7B4-F536F3413FD7}.Release|Any CPU.ActiveCfg = Release|Any CPU
		{E261B14E-90F9-40E4-B7B4-F536F3413FD7}.Release|Any CPU.Build.0 = Release|Any CPU
		{10E10527-965A-4523-BB53-59C01A3780C9}.Debug|Any CPU.ActiveCfg = Debug|Any CPU
		{10E10527-965A-4523-BB53-59C01A3780C9}.Debug|Any CPU.Build.0 = Debug|Any CPU
		{10E10527-965A-4523-BB53-59C01A3780C9}.Release|Any CPU.ActiveCfg = Release|Any CPU
		{10E10527-965A-4523-BB53-59C01A3780C9}.Release|Any CPU.Build.0 = Release|Any CPU
		{8305702E-3549-416B-875B-AE264ACF81B9}.Debug|Any CPU.ActiveCfg = Debug|Any CPU
		{8305702E-3549-416B-875B-AE264ACF81B9}.Debug|Any CPU.Build.0 = Debug|Any CPU
		{8305702E-3549-416B-875B-AE264ACF81B9}.Release|Any CPU.ActiveCfg = Release|Any CPU
		{8305702E-3549-416B-875B-AE264ACF81B9}.Release|Any CPU.Build.0 = Release|Any CPU
	EndGlobalSection
	GlobalSection(SolutionProperties) = preSolution
		HideSolutionNode = FALSE
	EndGlobalSection
EndGlobal
